// !$*UTF8*$!
{
	archiveVersion = 1;
	classes = {
	};
	objectVersion = 56;
	objects = {

/* Begin PBXBuildFile section */
		01469B5428F2722E0040351B /* WeMoonApp.swift in Sources */ = {isa = PBXBuildFile; fileRef = 01469B5328F2722E0040351B /* WeMoonApp.swift */; };
		01469B5628F2722E0040351B /* ContentViewLesson.swift in Sources */ = {isa = PBXBuildFile; fileRef = 01469B5528F2722E0040351B /* ContentViewLesson.swift */; };
		01469B5828F2722F0040351B /* Assets.xcassets in Resources */ = {isa = PBXBuildFile; fileRef = 01469B5728F2722F0040351B /* Assets.xcassets */; };
		01469B5B28F2722F0040351B /* Preview Assets.xcassets in Resources */ = {isa = PBXBuildFile; fileRef = 01469B5A28F2722F0040351B /* Preview Assets.xcassets */; };
		01469B6228F3AC190040351B /* ContentView.swift in Sources */ = {isa = PBXBuildFile; fileRef = 01469B6128F3AC190040351B /* ContentView.swift */; };
		01469B6528F3AC320040351B /* missions.json in Resources */ = {isa = PBXBuildFile; fileRef = 01469B6328F3AC320040351B /* missions.json */; };
		01469B6628F3AC320040351B /* astronauts.json in Resources */ = {isa = PBXBuildFile; fileRef = 01469B6428F3AC320040351B /* astronauts.json */; };
		01469B6928F3AD400040351B /* Astronaut.swift in Sources */ = {isa = PBXBuildFile; fileRef = 01469B6828F3AD400040351B /* Astronaut.swift */; };
		01469B6E28F3AF320040351B /* Bundle-Decodable.swift in Sources */ = {isa = PBXBuildFile; fileRef = 01469B6D28F3AF320040351B /* Bundle-Decodable.swift */; };
		01469B7228F3B18A0040351B /* Mission.swift in Sources */ = {isa = PBXBuildFile; fileRef = 01469B7128F3B18A0040351B /* Mission.swift */; };
		01469B7428F3C05B0040351B /* Color-Theme.swift in Sources */ = {isa = PBXBuildFile; fileRef = 01469B7328F3C05B0040351B /* Color-Theme.swift */; };
		01469B7628F3C3410040351B /* MissionView.swift in Sources */ = {isa = PBXBuildFile; fileRef = 01469B7528F3C3410040351B /* MissionView.swift */; };
		01469B7828F3C92A0040351B /* AstronautView.swift in Sources */ = {isa = PBXBuildFile; fileRef = 01469B7728F3C92A0040351B /* AstronautView.swift */; };
		01469B7A28F5C9180040351B /* CrewView.swift in Sources */ = {isa = PBXBuildFile; fileRef = 01469B7928F5C9180040351B /* CrewView.swift */; };
		01469B7C28F5C9710040351B /* CrewMember.swift in Sources */ = {isa = PBXBuildFile; fileRef = 01469B7B28F5C9710040351B /* CrewMember.swift */; };
		01469B7E28F5CC510040351B /* Partition.swift in Sources */ = {isa = PBXBuildFile; fileRef = 01469B7D28F5CC510040351B /* Partition.swift */; };
/* End PBXBuildFile section */

/* Begin PBXFileReference section */
		01469B5028F2722E0040351B /* WeMoon.app */ = {isa = PBXFileReference; explicitFileType = wrapper.application; includeInIndex = 0; path = WeMoon.app; sourceTree = BUILT_PRODUCTS_DIR; };
		01469B5328F2722E0040351B /* WeMoonApp.swift */ = {isa = PBXFileReference; lastKnownFileType = sourcecode.swift; path = WeMoonApp.swift; sourceTree = "<group>"; };
		01469B5528F2722E0040351B /* ContentViewLesson.swift */ = {isa = PBXFileReference; lastKnownFileType = sourcecode.swift; path = ContentViewLesson.swift; sourceTree = "<group>"; };
		01469B5728F2722F0040351B /* Assets.xcassets */ = {isa = PBXFileReference; lastKnownFileType = folder.assetcatalog; path = Assets.xcassets; sourceTree = "<group>"; };
		01469B5A28F2722F0040351B /* Preview Assets.xcassets */ = {isa = PBXFileReference; lastKnownFileType = folder.assetcatalog; path = "Preview Assets.xcassets"; sourceTree = "<group>"; };
		01469B6128F3AC190040351B /* ContentView.swift */ = {isa = PBXFileReference; lastKnownFileType = sourcecode.swift; path = ContentView.swift; sourceTree = "<group>"; };
		01469B6328F3AC320040351B /* missions.json */ = {isa = PBXFileReference; fileEncoding = 4; lastKnownFileType = text.json; path = missions.json; sourceTree = "<group>"; };
		01469B6428F3AC320040351B /* astronauts.json */ = {isa = PBXFileReference; fileEncoding = 4; lastKnownFileType = text.json; path = astronauts.json; sourceTree = "<group>"; };
		01469B6828F3AD400040351B /* Astronaut.swift */ = {isa = PBXFileReference; lastKnownFileType = sourcecode.swift; path = Astronaut.swift; sourceTree = "<group>"; };
		01469B6D28F3AF320040351B /* Bundle-Decodable.swift */ = {isa = PBXFileReference; lastKnownFileType = sourcecode.swift; path = "Bundle-Decodable.swift"; sourceTree = "<group>"; };
		01469B7128F3B18A0040351B /* Mission.swift */ = {isa = PBXFileReference; lastKnownFileType = sourcecode.swift; path = Mission.swift; sourceTree = "<group>"; };
		01469B7328F3C05B0040351B /* Color-Theme.swift */ = {isa = PBXFileReference; lastKnownFileType = sourcecode.swift; path = "Color-Theme.swift"; sourceTree = SOURCE_ROOT; };
		01469B7528F3C3410040351B /* MissionView.swift */ = {isa = PBXFileReference; lastKnownFileType = sourcecode.swift; path = MissionView.swift; sourceTree = "<group>"; };
		01469B7728F3C92A0040351B /* AstronautView.swift */ = {isa = PBXFileReference; lastKnownFileType = sourcecode.swift; path = AstronautView.swift; sourceTree = "<group>"; };
		01469B7928F5C9180040351B /* CrewView.swift */ = {isa = PBXFileReference; lastKnownFileType = sourcecode.swift; path = CrewView.swift; sourceTree = "<group>"; };
		01469B7B28F5C9710040351B /* CrewMember.swift */ = {isa = PBXFileReference; lastKnownFileType = sourcecode.swift; path = CrewMember.swift; sourceTree = "<group>"; };
		01469B7D28F5CC510040351B /* Partition.swift */ = {isa = PBXFileReference; lastKnownFileType = sourcecode.swift; path = Partition.swift; sourceTree = "<group>"; };
/* End PBXFileReference section */

/* Begin PBXFrameworksBuildPhase section */
		01469B4D28F2722E0040351B /* Frameworks */ = {
			isa = PBXFrameworksBuildPhase;
			buildActionMask = 2147483647;
			files = (
			);
			runOnlyForDeploymentPostprocessing = 0;
		};
/* End PBXFrameworksBuildPhase section */

/* Begin PBXGroup section */
		01469B4728F2722E0040351B = {
			isa = PBXGroup;
			children = (
				01469B5228F2722E0040351B /* WeMoon */,
				01469B5128F2722E0040351B /* Products */,
			);
			sourceTree = "<group>";
		};
		01469B5128F2722E0040351B /* Products */ = {
			isa = PBXGroup;
			children = (
				01469B5028F2722E0040351B /* WeMoon.app */,
			);
			name = Products;
			sourceTree = "<group>";
		};
		01469B5228F2722E0040351B /* WeMoon */ = {
			isa = PBXGroup;
			children = (
				01469B5328F2722E0040351B /* WeMoonApp.swift */,
				01469B6C28F3AEC80040351B /* View */,
				01469B6A28F3AEB40040351B /* Model */,
				01469B6B28F3AEC00040351B /* Lesson */,
				01469B6728F3AC400040351B /* Assets */,
				01469B5928F2722F0040351B /* Preview Content */,
			);
			path = WeMoon;
			sourceTree = "<group>";
		};
		01469B5928F2722F0040351B /* Preview Content */ = {
			isa = PBXGroup;
			children = (
				01469B5A28F2722F0040351B /* Preview Assets.xcassets */,
			);
			path = "Preview Content";
			sourceTree = "<group>";
		};
		01469B6728F3AC400040351B /* Assets */ = {
			isa = PBXGroup;
			children = (
				01469B7328F3C05B0040351B /* Color-Theme.swift */,
				01469B6D28F3AF320040351B /* Bundle-Decodable.swift */,
				01469B6428F3AC320040351B /* astronauts.json */,
				01469B6328F3AC320040351B /* missions.json */,
				01469B5728F2722F0040351B /* Assets.xcassets */,
			);
			path = Assets;
			sourceTree = "<group>";
		};
		01469B6A28F3AEB40040351B /* Model */ = {
			isa = PBXGroup;
			children = (
				01469B6828F3AD400040351B /* Astronaut.swift */,
				01469B7128F3B18A0040351B /* Mission.swift */,
				01469B7B28F5C9710040351B /* CrewMember.swift */,
			);
			path = Model;
			sourceTree = "<group>";
		};
		01469B6B28F3AEC00040351B /* Lesson */ = {
			isa = PBXGroup;
			children = (
				01469B5528F2722E0040351B /* ContentViewLesson.swift */,
			);
			path = Lesson;
			sourceTree = "<group>";
		};
		01469B6C28F3AEC80040351B /* View */ = {
			isa = PBXGroup;
			children = (
				01469B6128F3AC190040351B /* ContentView.swift */,
				01469B7528F3C3410040351B /* MissionView.swift */,
				01469B7728F3C92A0040351B /* AstronautView.swift */,
				01469B7F28F5CC7D0040351B /* Helper Views */,
			);
			path = View;
			sourceTree = "<group>";
		};
		01469B7F28F5CC7D0040351B /* Helper Views */ = {
			isa = PBXGroup;
			children = (
				01469B7D28F5CC510040351B /* Partition.swift */,
				01469B7928F5C9180040351B /* CrewView.swift */,
			);
			path = "Helper Views";
			sourceTree = "<group>";
		};
/* End PBXGroup section */

/* Begin PBXNativeTarget section */
		01469B4F28F2722E0040351B /* WeMoon */ = {
			isa = PBXNativeTarget;
			buildConfigurationList = 01469B5E28F2722F0040351B /* Build configuration list for PBXNativeTarget "WeMoon" */;
			buildPhases = (
				01469B4C28F2722E0040351B /* Sources */,
				01469B4D28F2722E0040351B /* Frameworks */,
				01469B4E28F2722E0040351B /* Resources */,
			);
			buildRules = (
			);
			dependencies = (
			);
			name = WeMoon;
			productName = WeMoon;
			productReference = 01469B5028F2722E0040351B /* WeMoon.app */;
			productType = "com.apple.product-type.application";
		};
/* End PBXNativeTarget section */

/* Begin PBXProject section */
		01469B4828F2722E0040351B /* Project object */ = {
			isa = PBXProject;
			attributes = {
				BuildIndependentTargetsInParallel = 1;
				LastSwiftUpdateCheck = 1400;
				LastUpgradeCheck = 1400;
				TargetAttributes = {
					01469B4F28F2722E0040351B = {
						CreatedOnToolsVersion = 14.0.1;
					};
				};
			};
			buildConfigurationList = 01469B4B28F2722E0040351B /* Build configuration list for PBXProject "WeMoon" */;
			compatibilityVersion = "Xcode 14.0";
			developmentRegion = en;
			hasScannedForEncodings = 0;
			knownRegions = (
				en,
				Base,
			);
			mainGroup = 01469B4728F2722E0040351B;
			productRefGroup = 01469B5128F2722E0040351B /* Products */;
			projectDirPath = "";
			projectRoot = "";
			targets = (
				01469B4F28F2722E0040351B /* WeMoon */,
			);
		};
/* End PBXProject section */

/* Begin PBXResourcesBuildPhase section */
		01469B4E28F2722E0040351B /* Resources */ = {
			isa = PBXResourcesBuildPhase;
			buildActionMask = 2147483647;
			files = (
				01469B5B28F2722F0040351B /* Preview Assets.xcassets in Resources */,
				01469B6528F3AC320040351B /* missions.json in Resources */,
				01469B5828F2722F0040351B /* Assets.xcassets in Resources */,
				01469B6628F3AC320040351B /* astronauts.json in Resources */,
			);
			runOnlyForDeploymentPostprocessing = 0;
		};
/* End PBXResourcesBuildPhase section */

/* Begin PBXSourcesBuildPhase section */
		01469B4C28F2722E0040351B /* Sources */ = {
			isa = PBXSourcesBuildPhase;
			buildActionMask = 2147483647;
			files = (
				01469B5628F2722E0040351B /* ContentViewLesson.swift in Sources */,
				01469B7828F3C92A0040351B /* AstronautView.swift in Sources */,
				01469B7628F3C3410040351B /* MissionView.swift in Sources */,
				01469B7E28F5CC510040351B /* Partition.swift in Sources */,
				01469B5428F2722E0040351B /* WeMoonApp.swift in Sources */,
				01469B7428F3C05B0040351B /* Color-Theme.swift in Sources */,
				01469B7A28F5C9180040351B /* CrewView.swift in Sources */,
				01469B6E28F3AF320040351B /* Bundle-Decodable.swift in Sources */,
				01469B6228F3AC190040351B /* ContentView.swift in Sources */,
				01469B7228F3B18A0040351B /* Mission.swift in Sources */,
				01469B6928F3AD400040351B /* Astronaut.swift in Sources */,
				01469B7C28F5C9710040351B /* CrewMember.swift in Sources */,
			);
			runOnlyForDeploymentPostprocessing = 0;
		};
/* End PBXSourcesBuildPhase section */

/* Begin XCBuildConfiguration section */
		01469B5C28F2722F0040351B /* Debug */ = {
			isa = XCBuildConfiguration;
			buildSettings = {
				ALWAYS_SEARCH_USER_PATHS = NO;
				CLANG_ANALYZER_NONNULL = YES;
				CLANG_ANALYZER_NUMBER_OBJECT_CONVERSION = YES_AGGRESSIVE;
				CLANG_CXX_LANGUAGE_STANDARD = "gnu++20";
				CLANG_ENABLE_MODULES = YES;
				CLANG_ENABLE_OBJC_ARC = YES;
				CLANG_ENABLE_OBJC_WEAK = YES;
				CLANG_WARN_BLOCK_CAPTURE_AUTORELEASING = YES;
				CLANG_WARN_BOOL_CONVERSION = YES;
				CLANG_WARN_COMMA = YES;
				CLANG_WARN_CONSTANT_CONVERSION = YES;
				CLANG_WARN_DEPRECATED_OBJC_IMPLEMENTATIONS = YES;
				CLANG_WARN_DIRECT_OBJC_ISA_USAGE = YES_ERROR;
				CLANG_WARN_DOCUMENTATION_COMMENTS = YES;
				CLANG_WARN_EMPTY_BODY = YES;
				CLANG_WARN_ENUM_CONVERSION = YES;
				CLANG_WARN_INFINITE_RECURSION = YES;
				CLANG_WARN_INT_CONVERSION = YES;
				CLANG_WARN_NON_LITERAL_NULL_CONVERSION = YES;
				CLANG_WARN_OBJC_IMPLICIT_RETAIN_SELF = YES;
				CLANG_WARN_OBJC_LITERAL_CONVERSION = YES;
				CLANG_WARN_OBJC_ROOT_CLASS = YES_ERROR;
				CLANG_WARN_QUOTED_INCLUDE_IN_FRAMEWORK_HEADER = YES;
				CLANG_WARN_RANGE_LOOP_ANALYSIS = YES;
				CLANG_WARN_STRICT_PROTOTYPES = YES;
				CLANG_WARN_SUSPICIOUS_MOVE = YES;
				CLANG_WARN_UNGUARDED_AVAILABILITY = YES_AGGRESSIVE;
				CLANG_WARN_UNREACHABLE_CODE = YES;
				CLANG_WARN__DUPLICATE_METHOD_MATCH = YES;
				COPY_PHASE_STRIP = NO;
				DEBUG_INFORMATION_FORMAT = dwarf;
				ENABLE_STRICT_OBJC_MSGSEND = YES;
				ENABLE_TESTABILITY = YES;
				GCC_C_LANGUAGE_STANDARD = gnu11;
				GCC_DYNAMIC_NO_PIC = NO;
				GCC_NO_COMMON_BLOCKS = YES;
				GCC_OPTIMIZATION_LEVEL = 0;
				GCC_PREPROCESSOR_DEFINITIONS = (
					"DEBUG=1",
					"$(inherited)",
				);
				GCC_WARN_64_TO_32_BIT_CONVERSION = YES;
				GCC_WARN_ABOUT_RETURN_TYPE = YES_ERROR;
				GCC_WARN_UNDECLARED_SELECTOR = YES;
				GCC_WARN_UNINITIALIZED_AUTOS = YES_AGGRESSIVE;
				GCC_WARN_UNUSED_FUNCTION = YES;
				GCC_WARN_UNUSED_VARIABLE = YES;
				IPHONEOS_DEPLOYMENT_TARGET = 16.0;
				MTL_ENABLE_DEBUG_INFO = INCLUDE_SOURCE;
				MTL_FAST_MATH = YES;
				ONLY_ACTIVE_ARCH = YES;
				SDKROOT = iphoneos;
				SWIFT_ACTIVE_COMPILATION_CONDITIONS = DEBUG;
				SWIFT_OPTIMIZATION_LEVEL = "-Onone";
			};
			name = Debug;
		};
		01469B5D28F2722F0040351B /* Release */ = {
			isa = XCBuildConfiguration;
			buildSettings = {
				ALWAYS_SEARCH_USER_PATHS = NO;
				CLANG_ANALYZER_NONNULL = YES;
				CLANG_ANALYZER_NUMBER_OBJECT_CONVERSION = YES_AGGRESSIVE;
				CLANG_CXX_LANGUAGE_STANDARD = "gnu++20";
				CLANG_ENABLE_MODULES = YES;
				CLANG_ENABLE_OBJC_ARC = YES;
				CLANG_ENABLE_OBJC_WEAK = YES;
				CLANG_WARN_BLOCK_CAPTURE_AUTORELEASING = YES;
				CLANG_WARN_BOOL_CONVERSION = YES;
				CLANG_WARN_COMMA = YES;
				CLANG_WARN_CONSTANT_CONVERSION = YES;
				CLANG_WARN_DEPRECATED_OBJC_IMPLEMENTATIONS = YES;
				CLANG_WARN_DIRECT_OBJC_ISA_USAGE = YES_ERROR;
				CLANG_WARN_DOCUMENTATION_COMMENTS = YES;
				CLANG_WARN_EMPTY_BODY = YES;
				CLANG_WARN_ENUM_CONVERSION = YES;
				CLANG_WARN_INFINITE_RECURSION = YES;
				CLANG_WARN_INT_CONVERSION = YES;
				CLANG_WARN_NON_LITERAL_NULL_CONVERSION = YES;
				CLANG_WARN_OBJC_IMPLICIT_RETAIN_SELF = YES;
				CLANG_WARN_OBJC_LITERAL_CONVERSION = YES;
				CLANG_WARN_OBJC_ROOT_CLASS = YES_ERROR;
				CLANG_WARN_QUOTED_INCLUDE_IN_FRAMEWORK_HEADER = YES;
				CLANG_WARN_RANGE_LOOP_ANALYSIS = YES;
				CLANG_WARN_STRICT_PROTOTYPES = YES;
				CLANG_WARN_SUSPICIOUS_MOVE = YES;
				CLANG_WARN_UNGUARDED_AVAILABILITY = YES_AGGRESSIVE;
				CLANG_WARN_UNREACHABLE_CODE = YES;
				CLANG_WARN__DUPLICATE_METHOD_MATCH = YES;
				COPY_PHASE_STRIP = NO;
				DEBUG_INFORMATION_FORMAT = "dwarf-with-dsym";
				ENABLE_NS_ASSERTIONS = NO;
				ENABLE_STRICT_OBJC_MSGSEND = YES;
				GCC_C_LANGUAGE_STANDARD = gnu11;
				GCC_NO_COMMON_BLOCKS = YES;
				GCC_WARN_64_TO_32_BIT_CONVERSION = YES;
				GCC_WARN_ABOUT_RETURN_TYPE = YES_ERROR;
				GCC_WARN_UNDECLARED_SELECTOR = YES;
				GCC_WARN_UNINITIALIZED_AUTOS = YES_AGGRESSIVE;
				GCC_WARN_UNUSED_FUNCTION = YES;
				GCC_WARN_UNUSED_VARIABLE = YES;
				IPHONEOS_DEPLOYMENT_TARGET = 16.0;
				MTL_ENABLE_DEBUG_INFO = NO;
				MTL_FAST_MATH = YES;
				SDKROOT = iphoneos;
				SWIFT_COMPILATION_MODE = wholemodule;
				SWIFT_OPTIMIZATION_LEVEL = "-O";
				VALIDATE_PRODUCT = YES;
			};
			name = Release;
		};
		01469B5F28F2722F0040351B /* Debug */ = {
			isa = XCBuildConfiguration;
			buildSettings = {
				ASSETCATALOG_COMPILER_APPICON_NAME = AppIcon;
				ASSETCATALOG_COMPILER_GLOBAL_ACCENT_COLOR_NAME = AccentColor;
				CODE_SIGN_STYLE = Automatic;
				CURRENT_PROJECT_VERSION = 1;
				DEVELOPMENT_ASSET_PATHS = "\"WeMoon/Preview Content\"";
				DEVELOPMENT_TEAM = B9KMJ3NRM7;
				ENABLE_PREVIEWS = YES;
				GENERATE_INFOPLIST_FILE = YES;
				INFOPLIST_KEY_UIApplicationSceneManifest_Generation = YES;
				INFOPLIST_KEY_UIApplicationSupportsIndirectInputEvents = YES;
				INFOPLIST_KEY_UILaunchScreen_Generation = YES;
				INFOPLIST_KEY_UISupportedInterfaceOrientations_iPad = "UIInterfaceOrientationPortrait UIInterfaceOrientationPortraitUpsideDown UIInterfaceOrientationLandscapeLeft UIInterfaceOrientationLandscapeRight";
				INFOPLIST_KEY_UISupportedInterfaceOrientations_iPhone = "UIInterfaceOrientationPortrait UIInterfaceOrientationLandscapeLeft UIInterfaceOrientationLandscapeRight";
				LD_RUNPATH_SEARCH_PATHS = (
					"$(inherited)",
					"@executable_path/Frameworks",
				);
				MARKETING_VERSION = 1.0;
				PRODUCT_BUNDLE_IDENTIFIER = com.mottapplications.WeMoon;
				PRODUCT_NAME = "$(TARGET_NAME)";
				SWIFT_EMIT_LOC_STRINGS = YES;
				SWIFT_VERSION = 5.0;
				TARGETED_DEVICE_FAMILY = "1,2";
			};
			name = Debug;
		};
		01469B6028F2722F0040351B /* Release */ = {
			isa = XCBuildConfiguration;
			buildSettings = {
				ASSETCATALOG_COMPILER_APPICON_NAME = AppIcon;
				ASSETCATALOG_COMPILER_GLOBAL_ACCENT_COLOR_NAME = AccentColor;
				CODE_SIGN_STYLE = Automatic;
				CURRENT_PROJECT_VERSION = 1;
				DEVELOPMENT_ASSET_PATHS = "\"WeMoon/Preview Content\"";
				DEVELOPMENT_TEAM = B9KMJ3NRM7;
				ENABLE_PREVIEWS = YES;
				GENERATE_INFOPLIST_FILE = YES;
				INFOPLIST_KEY_UIApplicationSceneManifest_Generation = YES;
				INFOPLIST_KEY_UIApplicationSupportsIndirectInputEvents = YES;
				INFOPLIST_KEY_UILaunchScreen_Generation = YES;
				INFOPLIST_KEY_UISupportedInterfaceOrientations_iPad = "UIInterfaceOrientationPortrait UIInterfaceOrientationPortraitUpsideDown UIInterfaceOrientationLandscapeLeft UIInterfaceOrientationLandscapeRight";
				INFOPLIST_KEY_UISupportedInterfaceOrientations_iPhone = "UIInterfaceOrientationPortrait UIInterfaceOrientationLandscapeLeft UIInterfaceOrientationLandscapeRight";
				LD_RUNPATH_SEARCH_PATHS = (
					"$(inherited)",
					"@executable_path/Frameworks",
				);
				MARKETING_VERSION = 1.0;
				PRODUCT_BUNDLE_IDENTIFIER = com.mottapplications.WeMoon;
				PRODUCT_NAME = "$(TARGET_NAME)";
				SWIFT_EMIT_LOC_STRINGS = YES;
				SWIFT_VERSION = 5.0;
				TARGETED_DEVICE_FAMILY = "1,2";
			};
			name = Release;
		};
/* End XCBuildConfiguration section */

/* Begin XCConfigurationList section */
		01469B4B28F2722E0040351B /* Build configuration list for PBXProject "WeMoon" */ = {
			isa = XCConfigurationList;
			buildConfigurations = (
				01469B5C28F2722F0040351B /* Debug */,
				01469B5D28F2722F0040351B /* Release */,
			);
			defaultConfigurationIsVisible = 0;
			defaultConfigurationName = Release;
		};
		01469B5E28F2722F0040351B /* Build configuration list for PBXNativeTarget "WeMoon" */ = {
			isa = XCConfigurationList;
			buildConfigurations = (
				01469B5F28F2722F0040351B /* Debug */,
				01469B6028F2722F0040351B /* Release */,
			);
			defaultConfigurationIsVisible = 0;
			defaultConfigurationName = Release;
		};
/* End XCConfigurationList section */
	};
	rootObject = 01469B4828F2722E0040351B /* Project object */;
}
